
Microsoft Visual Studio Solution File, Format Version 12.00
# Visual Studio 15
VisualStudioVersion = 15.0.26730.10
MinimumVisualStudioVersion = 10.0.40219.1
Project("{FAE04EC0-301F-11D3-BF4B-00C04F79EFBC}") = "FES.SchulHardwareAusleihSystem", "FES.SchulHardwareAusleihSystem\FES.SchulHardwareAusleihSystem.csproj", "{A85B6497-CEEF-4CAE-B063-E8889FBFA503}"
EndProject
Global
	GlobalSection(SolutionConfigurationPlatforms) = preSolution
		Debug|Any CPU = Debug|Any CPU
		Release|Any CPU = Release|Any CPU
	EndGlobalSection
	GlobalSection(ProjectConfigurationPlatforms) = postSolution
		{A85B6497-CEEF-4CAE-B063-E8889FBFA503}.Debug|Any CPU.ActiveCfg = Debug|Any CPU
		{A85B6497-CEEF-4CAE-B063-E8889FBFA503}.Debug|Any CPU.Build.0 = Debug|Any CPU
		{A85B6497-CEEF-4CAE-B063-E8889FBFA503}.Release|Any CPU.ActiveCfg = Release|Any CPU
		{A85B6497-CEEF-4CAE-B063-E8889FBFA503}.Release|Any CPU.Build.0 = Release|Any CPU
	EndGlobalSection
	GlobalSection(SolutionProperties) = preSolution
		HideSolutionNode = FALSE
	EndGlobalSection
	GlobalSection(ExtensibilityGlobals) = postSolution
		SolutionGuid = {502B67E8-AC1B-400D-8B78-4F0449B0FAAC}
	EndGlobalSection
EndGlobal
